
Microsoft Visual Studio Solution File, Format Version 12.00
# Visual Studio Version 16
VisualStudioVersion = 16.0.31105.61
MinimumVisualStudioVersion = 10.0.40219.1
Project("{FAE04EC0-301F-11D3-BF4B-00C04F79EFBC}") = "MetodeFormale", "MetodeFormale\MetodeFormale.csproj", "{99E71E27-CDDC-4C18-B1B5-308A29BAAD95}"
EndProject
Global
	GlobalSection(SolutionConfigurationPlatforms) = preSolution
		Debug|Any CPU = Debug|Any CPU
		Release|Any CPU = Release|Any CPU
	EndGlobalSection
	GlobalSection(ProjectConfigurationPlatforms) = postSolution
		{99E71E27-CDDC-4C18-B1B5-308A29BAAD95}.Debug|Any CPU.ActiveCfg = Debug|Any CPU
		{99E71E27-CDDC-4C18-B1B5-308A29BAAD95}.Debug|Any CPU.Build.0 = Debug|Any CPU
		{99E71E27-CDDC-4C18-B1B5-308A29BAAD95}.Release|Any CPU.ActiveCfg = Release|Any CPU
		{99E71E27-CDDC-4C18-B1B5-308A29BAAD95}.Release|Any CPU.Build.0 = Release|Any CPU
	EndGlobalSection
	GlobalSection(SolutionProperties) = preSolution
		HideSolutionNode = FALSE
	EndGlobalSection
	GlobalSection(ExtensibilityGlobals) = postSolution
		SolutionGuid = {92C0C9B2-0B27-45DA-82C4-F051FBC9BC52}
	EndGlobalSection
EndGlobal
